
Microsoft Visual Studio Solution File, Format Version 12.00
# Visual Studio Version 17
VisualStudioVersion = 17.10.35013.160
MinimumVisualStudioVersion = 10.0.40219.1
Project("{FAE04EC0-301F-11D3-BF4B-00C04F79EFBC}") = "TechGen-Generics-Fundamentals", "TechGen-Generics-Fundamentals\TechGen-Generics-Fundamentals.csproj", "{5FE56895-FFEA-4A51-8E95-FB3BB86D5C0B}"
EndProject
Global
	GlobalSection(SolutionConfigurationPlatforms) = preSolution
		Debug|Any CPU = Debug|Any CPU
		Release|Any CPU = Release|Any CPU
	EndGlobalSection
	GlobalSection(ProjectConfigurationPlatforms) = postSolution
		{5FE56895-FFEA-4A51-8E95-FB3BB86D5C0B}.Debug|Any CPU.ActiveCfg = Debug|Any CPU
		{5FE56895-FFEA-4A51-8E95-FB3BB86D5C0B}.Debug|Any CPU.Build.0 = Debug|Any CPU
		{5FE56895-FFEA-4A51-8E95-FB3BB86D5C0B}.Release|Any CPU.ActiveCfg = Release|Any CPU
		{5FE56895-FFEA-4A51-8E95-FB3BB86D5C0B}.Release|Any CPU.Build.0 = Release|Any CPU
	EndGlobalSection
	GlobalSection(SolutionProperties) = preSolution
		HideSolutionNode = FALSE
	EndGlobalSection
	GlobalSection(ExtensibilityGlobals) = postSolution
		SolutionGuid = {DDAC3EBA-A6B1-41AE-B7EE-6AC1E7768739}
	EndGlobalSection
EndGlobal
